PODS:
  - Calendar-iOS (0.13)
  - MSBBarChart (1.1.3)

DEPENDENCIES:
  - Calendar-iOS (~> 0.13)
  - MSBBarChart

SPEC REPOS:
  trunk:
    - Calendar-iOS
    - MSBBarChart

SPEC CHECKSUMS:
  Calendar-iOS: a7bb0e6d2cee372e7e3de98d44d60ac7364be7f3
  MSBBarChart: b926097a894bfdcaaf5fd29b49eb779339ec7b2a

PODFILE CHECKSUM: a763d5c5489b68c44951190b6906593c1d42061e

COCOAPODS: 1.10.1
