// !$*UTF8*$!
{
	archiveVersion = 1;
	classes = {
	};
	objectVersion = 51;
	objects = {

/* Begin PBXBuildFile section */
		0BCCBC8B265C1B2800A53E4C /* fondodurmiendo.png in Resources */ = {isa = PBXBuildFile; fileRef = 0BCCBC73265C1B2600A53E4C /* fondodurmiendo.png */; };
		0BCCBC8C265C1B2800A53E4C /* racoonsea.gif in Resources */ = {isa = PBXBuildFile; fileRef = 0BCCBC74265C1B2600A53E4C /* racoonsea.gif */; };
		0BCCBC8D265C1B2800A53E4C /* durmiendo.gif in Resources */ = {isa = PBXBuildFile; fileRef = 0BCCBC75265C1B2600A53E4C /* durmiendo.gif */; };
		0BCCBC8E265C1B2800A53E4C /* fire.png in Resources */ = {isa = PBXBuildFile; fileRef = 0BCCBC76265C1B2600A53E4C /* fire.png */; };
		0BCCBC8F265C1B2800A53E4C /* fondofuego.png in Resources */ = {isa = PBXBuildFile; fileRef = 0BCCBC77265C1B2600A53E4C /* fondofuego.png */; };
		0BCCBC90265C1B2800A53E4C /* libro.png in Resources */ = {isa = PBXBuildFile; fileRef = 0BCCBC78265C1B2600A53E4C /* libro.png */; };
		0BCCBC91265C1B2800A53E4C /* nombreapp.png in Resources */ = {isa = PBXBuildFile; fileRef = 0BCCBC79265C1B2600A53E4C /* nombreapp.png */; };
		0BCCBC92265C1B2800A53E4C /* rain.png in Resources */ = {isa = PBXBuildFile; fileRef = 0BCCBC7A265C1B2600A53E4C /* rain.png */; };
		0BCCBC93265C1B2800A53E4C /* fuego.gif in Resources */ = {isa = PBXBuildFile; fileRef = 0BCCBC7B265C1B2600A53E4C /* fuego.gif */; };
		0BCCBC94265C1B2800A53E4C /* triste.png in Resources */ = {isa = PBXBuildFile; fileRef = 0BCCBC7C265C1B2600A53E4C /* triste.png */; };
		0BCCBC95265C1B2800A53E4C /* type.png in Resources */ = {isa = PBXBuildFile; fileRef = 0BCCBC7D265C1B2700A53E4C /* type.png */; };
		0BCCBC96265C1B2800A53E4C /* inspirado.png in Resources */ = {isa = PBXBuildFile; fileRef = 0BCCBC7E265C1B2700A53E4C /* inspirado.png */; };
		0BCCBC97265C1B2800A53E4C /* usuario_de_perfil.png in Resources */ = {isa = PBXBuildFile; fileRef = 0BCCBC7F265C1B2700A53E4C /* usuario_de_perfil.png */; };
		0BCCBC98265C1B2800A53E4C /* wave.png in Resources */ = {isa = PBXBuildFile; fileRef = 0BCCBC80265C1B2700A53E4C /* wave.png */; };
		0BCCBC99265C1B2800A53E4C /* alegre.png in Resources */ = {isa = PBXBuildFile; fileRef = 0BCCBC81265C1B2700A53E4C /* alegre.png */; };
		0BCCBC9A265C1B2800A53E4C /* lluviafondo.png in Resources */ = {isa = PBXBuildFile; fileRef = 0BCCBC82265C1B2700A53E4C /* lluviafondo.png */; };
		0BCCBC9B265C1B2800A53E4C /* owl.png in Resources */ = {isa = PBXBuildFile; fileRef = 0BCCBC83265C1B2700A53E4C /* owl.png */; };
		0BCCBC9C265C1B2800A53E4C /* musica.png in Resources */ = {isa = PBXBuildFile; fileRef = 0BCCBC84265C1B2700A53E4C /* musica.png */; };
		0BCCBC9D265C1B2800A53E4C /* logo21.png in Resources */ = {isa = PBXBuildFile; fileRef = 0BCCBC85265C1B2700A53E4C /* logo21.png */; };
		0BCCBC9E265C1B2800A53E4C /* gifrain.gif in Resources */ = {isa = PBXBuildFile; fileRef = 0BCCBC86265C1B2700A53E4C /* gifrain.gif */; };
		0BCCBC9F265C1B2800A53E4C /* calendario.png in Resources */ = {isa = PBXBuildFile; fileRef = 0BCCBC87265C1B2800A53E4C /* calendario.png */; };
		0BCCBCA0265C1B2800A53E4C /* enfadado.png in Resources */ = {isa = PBXBuildFile; fileRef = 0BCCBC88265C1B2800A53E4C /* enfadado.png */; };
		0BCCBCA1265C1B2800A53E4C /* fondoagua.png in Resources */ = {isa = PBXBuildFile; fileRef = 0BCCBC89265C1B2800A53E4C /* fondoagua.png */; };
		0BCCBCA2265C1B2800A53E4C /* cansado.png in Resources */ = {isa = PBXBuildFile; fileRef = 0BCCBC8A265C1B2800A53E4C /* cansado.png */; };
		AA23434626533BC200B636C9 /* AppDelegate.swift in Sources */ = {isa = PBXBuildFile; fileRef = AA23434526533BC200B636C9 /* AppDelegate.swift */; };
		AA23434826533BC200B636C9 /* SceneDelegate.swift in Sources */ = {isa = PBXBuildFile; fileRef = AA23434726533BC200B636C9 /* SceneDelegate.swift */; };
		AA23434A26533BC200B636C9 /* ViewController.swift in Sources */ = {isa = PBXBuildFile; fileRef = AA23434926533BC200B636C9 /* ViewController.swift */; };
		AA23434D26533BC200B636C9 /* Main.storyboard in Resources */ = {isa = PBXBuildFile; fileRef = AA23434B26533BC200B636C9 /* Main.storyboard */; };
		AA23434F26533BC300B636C9 /* Assets.xcassets in Resources */ = {isa = PBXBuildFile; fileRef = AA23434E26533BC300B636C9 /* Assets.xcassets */; };
		AA23435226533BC300B636C9 /* LaunchScreen.storyboard in Resources */ = {isa = PBXBuildFile; fileRef = AA23435026533BC300B636C9 /* LaunchScreen.storyboard */; };
		CB54272B178A3161EA0CFD66 /* Pods_21Dias.framework in Frameworks */ = {isa = PBXBuildFile; fileRef = 3FF40F66F2168B74D8E44E55 /* Pods_21Dias.framework */; };
/* End PBXBuildFile section */

/* Begin PBXFileReference section */
		0BCCBC73265C1B2600A53E4C /* fondodurmiendo.png */ = {isa = PBXFileReference; lastKnownFileType = image.png; path = fondodurmiendo.png; sourceTree = "<group>"; };
		0BCCBC74265C1B2600A53E4C /* racoonsea.gif */ = {isa = PBXFileReference; lastKnownFileType = image.gif; path = racoonsea.gif; sourceTree = "<group>"; };
		0BCCBC75265C1B2600A53E4C /* durmiendo.gif */ = {isa = PBXFileReference; lastKnownFileType = image.gif; path = durmiendo.gif; sourceTree = "<group>"; };
		0BCCBC76265C1B2600A53E4C /* fire.png */ = {isa = PBXFileReference; lastKnownFileType = image.png; path = fire.png; sourceTree = "<group>"; };
		0BCCBC77265C1B2600A53E4C /* fondofuego.png */ = {isa = PBXFileReference; lastKnownFileType = image.png; path = fondofuego.png; sourceTree = "<group>"; };
		0BCCBC78265C1B2600A53E4C /* libro.png */ = {isa = PBXFileReference; lastKnownFileType = image.png; path = libro.png; sourceTree = "<group>"; };
		0BCCBC79265C1B2600A53E4C /* nombreapp.png */ = {isa = PBXFileReference; lastKnownFileType = image.png; path = nombreapp.png; sourceTree = "<group>"; };
		0BCCBC7A265C1B2600A53E4C /* rain.png */ = {isa = PBXFileReference; lastKnownFileType = image.png; path = rain.png; sourceTree = "<group>"; };
		0BCCBC7B265C1B2600A53E4C /* fuego.gif */ = {isa = PBXFileReference; lastKnownFileType = image.gif; path = fuego.gif; sourceTree = "<group>"; };
		0BCCBC7C265C1B2600A53E4C /* triste.png */ = {isa = PBXFileReference; lastKnownFileType = image.png; path = triste.png; sourceTree = "<group>"; };
		0BCCBC7D265C1B2700A53E4C /* type.png */ = {isa = PBXFileReference; lastKnownFileType = image.png; path = type.png; sourceTree = "<group>"; };
		0BCCBC7E265C1B2700A53E4C /* inspirado.png */ = {isa = PBXFileReference; lastKnownFileType = image.png; path = inspirado.png; sourceTree = "<group>"; };
		0BCCBC7F265C1B2700A53E4C /* usuario_de_perfil.png */ = {isa = PBXFileReference; lastKnownFileType = image.png; path = usuario_de_perfil.png; sourceTree = "<group>"; };
		0BCCBC80265C1B2700A53E4C /* wave.png */ = {isa = PBXFileReference; lastKnownFileType = image.png; path = wave.png; sourceTree = "<group>"; };
		0BCCBC81265C1B2700A53E4C /* alegre.png */ = {isa = PBXFileReference; lastKnownFileType = image.png; path = alegre.png; sourceTree = "<group>"; };
		0BCCBC82265C1B2700A53E4C /* lluviafondo.png */ = {isa = PBXFileReference; lastKnownFileType = image.png; path = lluviafondo.png; sourceTree = "<group>"; };
		0BCCBC83265C1B2700A53E4C /* owl.png */ = {isa = PBXFileReference; lastKnownFileType = image.png; path = owl.png; sourceTree = "<group>"; };
		0BCCBC84265C1B2700A53E4C /* musica.png */ = {isa = PBXFileReference; lastKnownFileType = image.png; path = musica.png; sourceTree = "<group>"; };
		0BCCBC85265C1B2700A53E4C /* logo21.png */ = {isa = PBXFileReference; lastKnownFileType = image.png; path = logo21.png; sourceTree = "<group>"; };
		0BCCBC86265C1B2700A53E4C /* gifrain.gif */ = {isa = PBXFileReference; lastKnownFileType = image.gif; name = gifrain.gif; path = ../../../../Downloads/gifrain.gif; sourceTree = "<group>"; };
		0BCCBC87265C1B2800A53E4C /* calendario.png */ = {isa = PBXFileReference; lastKnownFileType = image.png; path = calendario.png; sourceTree = "<group>"; };
		0BCCBC88265C1B2800A53E4C /* enfadado.png */ = {isa = PBXFileReference; lastKnownFileType = image.png; path = enfadado.png; sourceTree = "<group>"; };
		0BCCBC89265C1B2800A53E4C /* fondoagua.png */ = {isa = PBXFileReference; lastKnownFileType = image.png; path = fondoagua.png; sourceTree = "<group>"; };
		0BCCBC8A265C1B2800A53E4C /* cansado.png */ = {isa = PBXFileReference; lastKnownFileType = image.png; path = cansado.png; sourceTree = "<group>"; };
		27A2513EADA7A771D5CE5B09 /* Pods-21Dias.debug.xcconfig */ = {isa = PBXFileReference; includeInIndex = 1; lastKnownFileType = text.xcconfig; name = "Pods-21Dias.debug.xcconfig"; path = "Target Support Files/Pods-21Dias/Pods-21Dias.debug.xcconfig"; sourceTree = "<group>"; };
		3FF40F66F2168B74D8E44E55 /* Pods_21Dias.framework */ = {isa = PBXFileReference; explicitFileType = wrapper.framework; includeInIndex = 0; path = Pods_21Dias.framework; sourceTree = BUILT_PRODUCTS_DIR; };
		AA23434226533BC200B636C9 /* 21Dias.app */ = {isa = PBXFileReference; explicitFileType = wrapper.application; includeInIndex = 0; path = 21Dias.app; sourceTree = BUILT_PRODUCTS_DIR; };
		AA23434526533BC200B636C9 /* AppDelegate.swift */ = {isa = PBXFileReference; lastKnownFileType = sourcecode.swift; path = AppDelegate.swift; sourceTree = "<group>"; };
		AA23434726533BC200B636C9 /* SceneDelegate.swift */ = {isa = PBXFileReference; lastKnownFileType = sourcecode.swift; path = SceneDelegate.swift; sourceTree = "<group>"; };
		AA23434926533BC200B636C9 /* ViewController.swift */ = {isa = PBXFileReference; lastKnownFileType = sourcecode.swift; path = ViewController.swift; sourceTree = "<group>"; };
		AA23434C26533BC200B636C9 /* Base */ = {isa = PBXFileReference; lastKnownFileType = file.storyboard; name = Base; path = Base.lproj/Main.storyboard; sourceTree = "<group>"; };
		AA23434E26533BC300B636C9 /* Assets.xcassets */ = {isa = PBXFileReference; lastKnownFileType = folder.assetcatalog; path = Assets.xcassets; sourceTree = "<group>"; };
		AA23435126533BC300B636C9 /* Base */ = {isa = PBXFileReference; lastKnownFileType = file.storyboard; name = Base; path = Base.lproj/LaunchScreen.storyboard; sourceTree = "<group>"; };
		AA23435326533BC300B636C9 /* Info.plist */ = {isa = PBXFileReference; lastKnownFileType = text.plist.xml; path = Info.plist; sourceTree = "<group>"; };
		E75B700AE4A9AE0B1957C27A /* Pods-21Dias.release.xcconfig */ = {isa = PBXFileReference; includeInIndex = 1; lastKnownFileType = text.xcconfig; name = "Pods-21Dias.release.xcconfig"; path = "Target Support Files/Pods-21Dias/Pods-21Dias.release.xcconfig"; sourceTree = "<group>"; };
/* End PBXFileReference section */

/* Begin PBXFrameworksBuildPhase section */
		AA23433F26533BC200B636C9 /* Frameworks */ = {
			isa = PBXFrameworksBuildPhase;
			buildActionMask = 2147483647;
			files = (
				CB54272B178A3161EA0CFD66 /* Pods_21Dias.framework in Frameworks */,
			);
			runOnlyForDeploymentPostprocessing = 0;
		};
/* End PBXFrameworksBuildPhase section */

/* Begin PBXGroup section */
		0BCCBC6E265C1ADC00A53E4C /* res */ = {
			isa = PBXGroup;
			children = (
				0BCCBC81265C1B2700A53E4C /* alegre.png */,
				0BCCBC87265C1B2800A53E4C /* calendario.png */,
				0BCCBC8A265C1B2800A53E4C /* cansado.png */,
				0BCCBC75265C1B2600A53E4C /* durmiendo.gif */,
				0BCCBC88265C1B2800A53E4C /* enfadado.png */,
				0BCCBC76265C1B2600A53E4C /* fire.png */,
				0BCCBC89265C1B2800A53E4C /* fondoagua.png */,
				0BCCBC73265C1B2600A53E4C /* fondodurmiendo.png */,
				0BCCBC77265C1B2600A53E4C /* fondofuego.png */,
				0BCCBC7B265C1B2600A53E4C /* fuego.gif */,
				0BCCBC86265C1B2700A53E4C /* gifrain.gif */,
				0BCCBC7E265C1B2700A53E4C /* inspirado.png */,
				0BCCBC78265C1B2600A53E4C /* libro.png */,
				0BCCBC82265C1B2700A53E4C /* lluviafondo.png */,
				0BCCBC85265C1B2700A53E4C /* logo21.png */,
				0BCCBC84265C1B2700A53E4C /* musica.png */,
				0BCCBC79265C1B2600A53E4C /* nombreapp.png */,
				0BCCBC83265C1B2700A53E4C /* owl.png */,
				0BCCBC74265C1B2600A53E4C /* racoonsea.gif */,
				0BCCBC7A265C1B2600A53E4C /* rain.png */,
				0BCCBC7C265C1B2600A53E4C /* triste.png */,
				0BCCBC7D265C1B2700A53E4C /* type.png */,
				0BCCBC7F265C1B2700A53E4C /* usuario_de_perfil.png */,
				0BCCBC80265C1B2700A53E4C /* wave.png */,
			);
			path = res;
			sourceTree = "<group>";
		};
		AA23433926533BC200B636C9 = {
			isa = PBXGroup;
			children = (
				AA23434426533BC200B636C9 /* 21Dias */,
				AA23434326533BC200B636C9 /* Products */,
				D0B672780925B79B5D0CDBA8 /* Pods */,
				BE03586E9E12F5A15BF31D63 /* Frameworks */,
			);
			sourceTree = "<group>";
		};
		AA23434326533BC200B636C9 /* Products */ = {
			isa = PBXGroup;
			children = (
				AA23434226533BC200B636C9 /* 21Dias.app */,
			);
			name = Products;
			sourceTree = "<group>";
		};
		AA23434426533BC200B636C9 /* 21Dias */ = {
			isa = PBXGroup;
			children = (
				AA23434526533BC200B636C9 /* AppDelegate.swift */,
				AA23434726533BC200B636C9 /* SceneDelegate.swift */,
				AA23434926533BC200B636C9 /* ViewController.swift */,
				AA23434B26533BC200B636C9 /* Main.storyboard */,
				AA23434E26533BC300B636C9 /* Assets.xcassets */,
				AA23435026533BC300B636C9 /* LaunchScreen.storyboard */,
				AA23435326533BC300B636C9 /* Info.plist */,
				0BCCBC6E265C1ADC00A53E4C /* res */,
			);
			path = 21Dias;
			sourceTree = "<group>";
		};
		BE03586E9E12F5A15BF31D63 /* Frameworks */ = {
			isa = PBXGroup;
			children = (
				3FF40F66F2168B74D8E44E55 /* Pods_21Dias.framework */,
			);
			name = Frameworks;
			sourceTree = "<group>";
		};
		D0B672780925B79B5D0CDBA8 /* Pods */ = {
			isa = PBXGroup;
			children = (
				27A2513EADA7A771D5CE5B09 /* Pods-21Dias.debug.xcconfig */,
				E75B700AE4A9AE0B1957C27A /* Pods-21Dias.release.xcconfig */,
			);
			path = Pods;
			sourceTree = "<group>";
		};
/* End PBXGroup section */

/* Begin PBXNativeTarget section */
		AA23434126533BC200B636C9 /* 21Dias */ = {
			isa = PBXNativeTarget;
			buildConfigurationList = AA23435626533BC300B636C9 /* Build configuration list for PBXNativeTarget "21Dias" */;
			buildPhases = (
				92886FD899E12906CCE83202 /* [CP] Check Pods Manifest.lock */,
				AA23433E26533BC200B636C9 /* Sources */,
				AA23433F26533BC200B636C9 /* Frameworks */,
				AA23434026533BC200B636C9 /* Resources */,
				3B377B945B13CF78FF1F04C8 /* [CP] Embed Pods Frameworks */,
			);
			buildRules = (
			);
			dependencies = (
			);
			name = 21Dias;
			productName = 21Dias;
			productReference = AA23434226533BC200B636C9 /* 21Dias.app */;
			productType = "com.apple.product-type.application";
		};
/* End PBXNativeTarget section */

/* Begin PBXProject section */
		AA23433A26533BC200B636C9 /* Project object */ = {
			isa = PBXProject;
			attributes = {
				LastSwiftUpdateCheck = 1240;
				LastUpgradeCheck = 1240;
				TargetAttributes = {
					AA23434126533BC200B636C9 = {
						CreatedOnToolsVersion = 12.4;
					};
				};
			};
			buildConfigurationList = AA23433D26533BC200B636C9 /* Build configuration list for PBXProject "21Dias" */;
			compatibilityVersion = "Xcode 9.3";
			developmentRegion = en;
			hasScannedForEncodings = 0;
			knownRegions = (
				en,
				Base,
			);
			mainGroup = AA23433926533BC200B636C9;
			productRefGroup = AA23434326533BC200B636C9 /* Products */;
			projectDirPath = "";
			projectRoot = "";
			targets = (
				AA23434126533BC200B636C9 /* 21Dias */,
			);
		};
/* End PBXProject section */

/* Begin PBXResourcesBuildPhase section */
		AA23434026533BC200B636C9 /* Resources */ = {
			isa = PBXResourcesBuildPhase;
			buildActionMask = 2147483647;
			files = (
				0BCCBCA0265C1B2800A53E4C /* enfadado.png in Resources */,
				0BCCBC9A265C1B2800A53E4C /* lluviafondo.png in Resources */,
				0BCCBC91265C1B2800A53E4C /* nombreapp.png in Resources */,
				0BCCBC98265C1B2800A53E4C /* wave.png in Resources */,
				0BCCBC9F265C1B2800A53E4C /* calendario.png in Resources */,
				0BCCBC8E265C1B2800A53E4C /* fire.png in Resources */,
				0BCCBC9E265C1B2800A53E4C /* gifrain.gif in Resources */,
				0BCCBC8D265C1B2800A53E4C /* durmiendo.gif in Resources */,
				0BCCBC96265C1B2800A53E4C /* inspirado.png in Resources */,
				0BCCBC99265C1B2800A53E4C /* alegre.png in Resources */,
				0BCCBCA1265C1B2800A53E4C /* fondoagua.png in Resources */,
				0BCCBC90265C1B2800A53E4C /* libro.png in Resources */,
				0BCCBCA2265C1B2800A53E4C /* cansado.png in Resources */,
				AA23435226533BC300B636C9 /* LaunchScreen.storyboard in Resources */,
				0BCCBC94265C1B2800A53E4C /* triste.png in Resources */,
				0BCCBC9C265C1B2800A53E4C /* musica.png in Resources */,
				0BCCBC92265C1B2800A53E4C /* rain.png in Resources */,
				0BCCBC8C265C1B2800A53E4C /* racoonsea.gif in Resources */,
				0BCCBC97265C1B2800A53E4C /* usuario_de_perfil.png in Resources */,
				AA23434F26533BC300B636C9 /* Assets.xcassets in Resources */,
				0BCCBC8F265C1B2800A53E4C /* fondofuego.png in Resources */,
				0BCCBC8B265C1B2800A53E4C /* fondodurmiendo.png in Resources */,
				0BCCBC9B265C1B2800A53E4C /* owl.png in Resources */,
				AA23434D26533BC200B636C9 /* Main.storyboard in Resources */,
				0BCCBC93265C1B2800A53E4C /* fuego.gif in Resources */,
				0BCCBC95265C1B2800A53E4C /* type.png in Resources */,
				0BCCBC9D265C1B2800A53E4C /* logo21.png in Resources */,
			);
			runOnlyForDeploymentPostprocessing = 0;
		};
/* End PBXResourcesBuildPhase section */

/* Begin PBXShellScriptBuildPhase section */
		3B377B945B13CF78FF1F04C8 /* [CP] Embed Pods Frameworks */ = {
			isa = PBXShellScriptBuildPhase;
			buildActionMask = 2147483647;
			files = (
			);
			inputFileListPaths = (
				"${PODS_ROOT}/Target Support Files/Pods-21Dias/Pods-21Dias-frameworks-${CONFIGURATION}-input-files.xcfilelist",
			);
			name = "[CP] Embed Pods Frameworks";
			outputFileListPaths = (
				"${PODS_ROOT}/Target Support Files/Pods-21Dias/Pods-21Dias-frameworks-${CONFIGURATION}-output-files.xcfilelist",
			);
			runOnlyForDeploymentPostprocessing = 0;
			shellPath = /bin/sh;
			shellScript = "\"${PODS_ROOT}/Target Support Files/Pods-21Dias/Pods-21Dias-frameworks.sh\"\n";
			showEnvVarsInLog = 0;
		};
		92886FD899E12906CCE83202 /* [CP] Check Pods Manifest.lock */ = {
			isa = PBXShellScriptBuildPhase;
			buildActionMask = 2147483647;
			files = (
			);
			inputFileListPaths = (
			);
			inputPaths = (
				"${PODS_PODFILE_DIR_PATH}/Podfile.lock",
				"${PODS_ROOT}/Manifest.lock",
			);
			name = "[CP] Check Pods Manifest.lock";
			outputFileListPaths = (
			);
			outputPaths = (
				"$(DERIVED_FILE_DIR)/Pods-21Dias-checkManifestLockResult.txt",
			);
			runOnlyForDeploymentPostprocessing = 0;
			shellPath = /bin/sh;
			shellScript = "diff \"${PODS_PODFILE_DIR_PATH}/Podfile.lock\" \"${PODS_ROOT}/Manifest.lock\" > /dev/null\nif [ $? != 0 ] ; then\n    # print error to STDERR\n    echo \"error: The sandbox is not in sync with the Podfile.lock. Run 'pod install' or update your CocoaPods installation.\" >&2\n    exit 1\nfi\n# This output is used by Xcode 'outputs' to avoid re-running this script phase.\necho \"SUCCESS\" > \"${SCRIPT_OUTPUT_FILE_0}\"\n";
			showEnvVarsInLog = 0;
		};
/* End PBXShellScriptBuildPhase section */

/* Begin PBXSourcesBuildPhase section */
		AA23433E26533BC200B636C9 /* Sources */ = {
			isa = PBXSourcesBuildPhase;
			buildActionMask = 2147483647;
			files = (
				AA23434A26533BC200B636C9 /* ViewController.swift in Sources */,
				AA23434626533BC200B636C9 /* AppDelegate.swift in Sources */,
				AA23434826533BC200B636C9 /* SceneDelegate.swift in Sources */,
			);
			runOnlyForDeploymentPostprocessing = 0;
		};
/* End PBXSourcesBuildPhase section */

/* Begin PBXVariantGroup section */
		AA23434B26533BC200B636C9 /* Main.storyboard */ = {
			isa = PBXVariantGroup;
			children = (
				AA23434C26533BC200B636C9 /* Base */,
			);
			name = Main.storyboard;
			sourceTree = "<group>";
		};
		AA23435026533BC300B636C9 /* LaunchScreen.storyboard */ = {
			isa = PBXVariantGroup;
			children = (
				AA23435126533BC300B636C9 /* Base */,
			);
			name = LaunchScreen.storyboard;
			sourceTree = "<group>";
		};
/* End PBXVariantGroup section */

/* Begin XCBuildConfiguration section */
		AA23435426533BC300B636C9 /* Debug */ = {
			isa = XCBuildConfiguration;
			buildSettings = {
				ALWAYS_SEARCH_USER_PATHS = NO;
				CLANG_ANALYZER_NONNULL = YES;
				CLANG_ANALYZER_NUMBER_OBJECT_CONVERSION = YES_AGGRESSIVE;
				CLANG_CXX_LANGUAGE_STANDARD = "gnu++14";
				CLANG_CXX_LIBRARY = "libc++";
				CLANG_ENABLE_MODULES = YES;
				CLANG_ENABLE_OBJC_ARC = YES;
				CLANG_ENABLE_OBJC_WEAK = YES;
				CLANG_WARN_BLOCK_CAPTURE_AUTORELEASING = YES;
				CLANG_WARN_BOOL_CONVERSION = YES;
				CLANG_WARN_COMMA = YES;
				CLANG_WARN_CONSTANT_CONVERSION = YES;
				CLANG_WARN_DEPRECATED_OBJC_IMPLEMENTATIONS = YES;
				CLANG_WARN_DIRECT_OBJC_ISA_USAGE = YES_ERROR;
				CLANG_WARN_DOCUMENTATION_COMMENTS = YES;
				CLANG_WARN_EMPTY_BODY = YES;
				CLANG_WARN_ENUM_CONVERSION = YES;
				CLANG_WARN_INFINITE_RECURSION = YES;
				CLANG_WARN_INT_CONVERSION = YES;
				CLANG_WARN_NON_LITERAL_NULL_CONVERSION = YES;
				CLANG_WARN_OBJC_IMPLICIT_RETAIN_SELF = YES;
				CLANG_WARN_OBJC_LITERAL_CONVERSION = YES;
				CLANG_WARN_OBJC_ROOT_CLASS = YES_ERROR;
				CLANG_WARN_QUOTED_INCLUDE_IN_FRAMEWORK_HEADER = YES;
				CLANG_WARN_RANGE_LOOP_ANALYSIS = YES;
				CLANG_WARN_STRICT_PROTOTYPES = YES;
				CLANG_WARN_SUSPICIOUS_MOVE = YES;
				CLANG_WARN_UNGUARDED_AVAILABILITY = YES_AGGRESSIVE;
				CLANG_WARN_UNREACHABLE_CODE = YES;
				CLANG_WARN__DUPLICATE_METHOD_MATCH = YES;
				COPY_PHASE_STRIP = NO;
				DEBUG_INFORMATION_FORMAT = dwarf;
				ENABLE_STRICT_OBJC_MSGSEND = YES;
				ENABLE_TESTABILITY = YES;
				GCC_C_LANGUAGE_STANDARD = gnu11;
				GCC_DYNAMIC_NO_PIC = NO;
				GCC_NO_COMMON_BLOCKS = YES;
				GCC_OPTIMIZATION_LEVEL = 0;
				GCC_PREPROCESSOR_DEFINITIONS = (
					"DEBUG=1",
					"$(inherited)",
				);
				GCC_WARN_64_TO_32_BIT_CONVERSION = YES;
				GCC_WARN_ABOUT_RETURN_TYPE = YES_ERROR;
				GCC_WARN_UNDECLARED_SELECTOR = YES;
				GCC_WARN_UNINITIALIZED_AUTOS = YES_AGGRESSIVE;
				GCC_WARN_UNUSED_FUNCTION = YES;
				GCC_WARN_UNUSED_VARIABLE = YES;
				IPHONEOS_DEPLOYMENT_TARGET = 14.4;
				MTL_ENABLE_DEBUG_INFO = INCLUDE_SOURCE;
				MTL_FAST_MATH = YES;
				ONLY_ACTIVE_ARCH = YES;
				SDKROOT = iphoneos;
				SWIFT_ACTIVE_COMPILATION_CONDITIONS = DEBUG;
				SWIFT_OPTIMIZATION_LEVEL = "-Onone";
			};
			name = Debug;
		};
		AA23435526533BC300B636C9 /* Release */ = {
			isa = XCBuildConfiguration;
			buildSettings = {
				ALWAYS_SEARCH_USER_PATHS = NO;
				CLANG_ANALYZER_NONNULL = YES;
				CLANG_ANALYZER_NUMBER_OBJECT_CONVERSION = YES_AGGRESSIVE;
				CLANG_CXX_LANGUAGE_STANDARD = "gnu++14";
				CLANG_CXX_LIBRARY = "libc++";
				CLANG_ENABLE_MODULES = YES;
				CLANG_ENABLE_OBJC_ARC = YES;
				CLANG_ENABLE_OBJC_WEAK = YES;
				CLANG_WARN_BLOCK_CAPTURE_AUTORELEASING = YES;
				CLANG_WARN_BOOL_CONVERSION = YES;
				CLANG_WARN_COMMA = YES;
				CLANG_WARN_CONSTANT_CONVERSION = YES;
				CLANG_WARN_DEPRECATED_OBJC_IMPLEMENTATIONS = YES;
				CLANG_WARN_DIRECT_OBJC_ISA_USAGE = YES_ERROR;
				CLANG_WARN_DOCUMENTATION_COMMENTS = YES;
				CLANG_WARN_EMPTY_BODY = YES;
				CLANG_WARN_ENUM_CONVERSION = YES;
				CLANG_WARN_INFINITE_RECURSION = YES;
				CLANG_WARN_INT_CONVERSION = YES;
				CLANG_WARN_NON_LITERAL_NULL_CONVERSION = YES;
				CLANG_WARN_OBJC_IMPLICIT_RETAIN_SELF = YES;
				CLANG_WARN_OBJC_LITERAL_CONVERSION = YES;
				CLANG_WARN_OBJC_ROOT_CLASS = YES_ERROR;
				CLANG_WARN_QUOTED_INCLUDE_IN_FRAMEWORK_HEADER = YES;
				CLANG_WARN_RANGE_LOOP_ANALYSIS = YES;
				CLANG_WARN_STRICT_PROTOTYPES = YES;
				CLANG_WARN_SUSPICIOUS_MOVE = YES;
				CLANG_WARN_UNGUARDED_AVAILABILITY = YES_AGGRESSIVE;
				CLANG_WARN_UNREACHABLE_CODE = YES;
				CLANG_WARN__DUPLICATE_METHOD_MATCH = YES;
				COPY_PHASE_STRIP = NO;
				DEBUG_INFORMATION_FORMAT = "dwarf-with-dsym";
				ENABLE_NS_ASSERTIONS = NO;
				ENABLE_STRICT_OBJC_MSGSEND = YES;
				GCC_C_LANGUAGE_STANDARD = gnu11;
				GCC_NO_COMMON_BLOCKS = YES;
				GCC_WARN_64_TO_32_BIT_CONVERSION = YES;
				GCC_WARN_ABOUT_RETURN_TYPE = YES_ERROR;
				GCC_WARN_UNDECLARED_SELECTOR = YES;
				GCC_WARN_UNINITIALIZED_AUTOS = YES_AGGRESSIVE;
				GCC_WARN_UNUSED_FUNCTION = YES;
				GCC_WARN_UNUSED_VARIABLE = YES;
				IPHONEOS_DEPLOYMENT_TARGET = 14.4;
				MTL_ENABLE_DEBUG_INFO = NO;
				MTL_FAST_MATH = YES;
				SDKROOT = iphoneos;
				SWIFT_COMPILATION_MODE = wholemodule;
				SWIFT_OPTIMIZATION_LEVEL = "-O";
				VALIDATE_PRODUCT = YES;
			};
			name = Release;
		};
		AA23435726533BC300B636C9 /* Debug */ = {
			isa = XCBuildConfiguration;
			baseConfigurationReference = 27A2513EADA7A771D5CE5B09 /* Pods-21Dias.debug.xcconfig */;
			buildSettings = {
				ASSETCATALOG_COMPILER_APPICON_NAME = AppIcon;
				ASSETCATALOG_COMPILER_GLOBAL_ACCENT_COLOR_NAME = AccentColor;
				CODE_SIGN_STYLE = Automatic;
				INFOPLIST_FILE = 21Dias/Info.plist;
				LD_RUNPATH_SEARCH_PATHS = (
					"$(inherited)",
					"@executable_path/Frameworks",
				);
				PRODUCT_BUNDLE_IDENTIFIER = "mx.itesm.Tacos-de-Tinga-19.-1Dias";
				PRODUCT_NAME = "$(TARGET_NAME)";
				SWIFT_VERSION = 5.0;
				TARGETED_DEVICE_FAMILY = "1,2";
			};
			name = Debug;
		};
		AA23435826533BC300B636C9 /* Release */ = {
			isa = XCBuildConfiguration;
			baseConfigurationReference = E75B700AE4A9AE0B1957C27A /* Pods-21Dias.release.xcconfig */;
			buildSettings = {
				ASSETCATALOG_COMPILER_APPICON_NAME = AppIcon;
				ASSETCATALOG_COMPILER_GLOBAL_ACCENT_COLOR_NAME = AccentColor;
				CODE_SIGN_STYLE = Automatic;
				INFOPLIST_FILE = 21Dias/Info.plist;
				LD_RUNPATH_SEARCH_PATHS = (
					"$(inherited)",
					"@executable_path/Frameworks",
				);
				PRODUCT_BUNDLE_IDENTIFIER = "mx.itesm.Tacos-de-Tinga-19.-1Dias";
				PRODUCT_NAME = "$(TARGET_NAME)";
				SWIFT_VERSION = 5.0;
				TARGETED_DEVICE_FAMILY = "1,2";
			};
			name = Release;
		};
/* End XCBuildConfiguration section */

/* Begin XCConfigurationList section */
		AA23433D26533BC200B636C9 /* Build configuration list for PBXProject "21Dias" */ = {
			isa = XCConfigurationList;
			buildConfigurations = (
				AA23435426533BC300B636C9 /* Debug */,
				AA23435526533BC300B636C9 /* Release */,
			);
			defaultConfigurationIsVisible = 0;
			defaultConfigurationName = Release;
		};
		AA23435626533BC300B636C9 /* Build configuration list for PBXNativeTarget "21Dias" */ = {
			isa = XCConfigurationList;
			buildConfigurations = (
				AA23435726533BC300B636C9 /* Debug */,
				AA23435826533BC300B636C9 /* Release */,
			);
			defaultConfigurationIsVisible = 0;
			defaultConfigurationName = Release;
		};
/* End XCConfigurationList section */
	};
	rootObject = AA23433A26533BC200B636C9 /* Project object */;
}
